
Microsoft Visual Studio Solution File, Format Version 12.00
# Visual Studio Version 17
VisualStudioVersion = 17.5.002.0
MinimumVisualStudioVersion = 10.0.40219.1
Project("{2150E333-8FDC-42A3-9474-1A3956D46DE8}") = "src", "src", "{E9FB3683-4E82-48C5-B9FF-0C840A3DC339}"
EndProject
Project("{2150E333-8FDC-42A3-9474-1A3956D46DE8}") = "NATS", "NATS", "{028F5DA8-6B59-4E5F-A419-12E3570AD12C}"
EndProject
Project("{9A19103F-16F7-4668-BE54-9A1E7A4F7556}") = "consumer", "src\NATS\consumer\consumer.csproj", "{355DC66E-ADEB-4B96-AEF3-24556C55FBDE}"
EndProject
Project("{9A19103F-16F7-4668-BE54-9A1E7A4F7556}") = "producer", "src\NATS\producer\producer.csproj", "{2A6667C7-46D1-4E7B-A6F9-DCA836873656}"
EndProject
Project("{2150E333-8FDC-42A3-9474-1A3956D46DE8}") = "NATS-Streaming", "NATS-Streaming", "{33810B75-8308-481D-8A03-A623B97F2145}"
EndProject
Project("{2150E333-8FDC-42A3-9474-1A3956D46DE8}") = "BasicMessaging", "BasicMessaging", "{AFF27FFE-61E3-475A-92AA-720EE9AC9A88}"
EndProject
Project("{9A19103F-16F7-4668-BE54-9A1E7A4F7556}") = "consumer", "src\NATS-Streaming\BasicMessaging\consumer\consumer.csproj", "{E7D52584-999B-40D2-987E-D989A5E7D63D}"
EndProject
Project("{9A19103F-16F7-4668-BE54-9A1E7A4F7556}") = "producer", "src\NATS-Streaming\BasicMessaging\producer\producer.csproj", "{1DC23B17-F8BC-4427-8E0D-9CF8B617863E}"
EndProject
Project("{2150E333-8FDC-42A3-9474-1A3956D46DE8}") = "Store", "Store", "{3532A867-88FB-4160-BD82-ADD48DCD1A9E}"
EndProject
Project("{9A19103F-16F7-4668-BE54-9A1E7A4F7556}") = "app", "src\NATS-Streaming\Store\App\app.csproj", "{3385225B-C203-4FC3-B48C-2F72376CEADB}"
EndProject
Project("{9A19103F-16F7-4668-BE54-9A1E7A4F7556}") = "OrderProcessingService", "src\NATS-Streaming\Store\OrderProcessingService\OrderProcessingService.csproj", "{FAB62C9A-7904-454D-9BD8-6B81D7D57181}"
EndProject
Project("{9A19103F-16F7-4668-BE54-9A1E7A4F7556}") = "OrdersQueryService", "src\NATS-Streaming\Store\OrdersQueryService\OrdersQueryService.csproj", "{882A1457-3870-4231-8995-AD82B9189578}"
EndProject
Project("{9A19103F-16F7-4668-BE54-9A1E7A4F7556}") = "ShippingService", "src\NATS-Streaming\Store\ShippingService\ShippingService.csproj", "{1869B965-7467-4C76-A70F-33FADFAE52A8}"
EndProject
Global
	GlobalSection(SolutionConfigurationPlatforms) = preSolution
		Debug|Any CPU = Debug|Any CPU
		Release|Any CPU = Release|Any CPU
	EndGlobalSection
	GlobalSection(ProjectConfigurationPlatforms) = postSolution
		{355DC66E-ADEB-4B96-AEF3-24556C55FBDE}.Debug|Any CPU.ActiveCfg = Debug|Any CPU
		{355DC66E-ADEB-4B96-AEF3-24556C55FBDE}.Debug|Any CPU.Build.0 = Debug|Any CPU
		{355DC66E-ADEB-4B96-AEF3-24556C55FBDE}.Release|Any CPU.ActiveCfg = Release|Any CPU
		{355DC66E-ADEB-4B96-AEF3-24556C55FBDE}.Release|Any CPU.Build.0 = Release|Any CPU
		{2A6667C7-46D1-4E7B-A6F9-DCA836873656}.Debug|Any CPU.ActiveCfg = Debug|Any CPU
		{2A6667C7-46D1-4E7B-A6F9-DCA836873656}.Debug|Any CPU.Build.0 = Debug|Any CPU
		{2A6667C7-46D1-4E7B-A6F9-DCA836873656}.Release|Any CPU.ActiveCfg = Release|Any CPU
		{2A6667C7-46D1-4E7B-A6F9-DCA836873656}.Release|Any CPU.Build.0 = Release|Any CPU
		{E7D52584-999B-40D2-987E-D989A5E7D63D}.Debug|Any CPU.ActiveCfg = Debug|Any CPU
		{E7D52584-999B-40D2-987E-D989A5E7D63D}.Debug|Any CPU.Build.0 = Debug|Any CPU
		{E7D52584-999B-40D2-987E-D989A5E7D63D}.Release|Any CPU.ActiveCfg = Release|Any CPU
		{E7D52584-999B-40D2-987E-D989A5E7D63D}.Release|Any CPU.Build.0 = Release|Any CPU
		{1DC23B17-F8BC-4427-8E0D-9CF8B617863E}.Debug|Any CPU.ActiveCfg = Debug|Any CPU
		{1DC23B17-F8BC-4427-8E0D-9CF8B617863E}.Debug|Any CPU.Build.0 = Debug|Any CPU
		{1DC23B17-F8BC-4427-8E0D-9CF8B617863E}.Release|Any CPU.ActiveCfg = Release|Any CPU
		{1DC23B17-F8BC-4427-8E0D-9CF8B617863E}.Release|Any CPU.Build.0 = Release|Any CPU
		{3385225B-C203-4FC3-B48C-2F72376CEADB}.Debug|Any CPU.ActiveCfg = Debug|Any CPU
		{3385225B-C203-4FC3-B48C-2F72376CEADB}.Debug|Any CPU.Build.0 = Debug|Any CPU
		{3385225B-C203-4FC3-B48C-2F72376CEADB}.Release|Any CPU.ActiveCfg = Release|Any CPU
		{3385225B-C203-4FC3-B48C-2F72376CEADB}.Release|Any CPU.Build.0 = Release|Any CPU
		{FAB62C9A-7904-454D-9BD8-6B81D7D57181}.Debug|Any CPU.ActiveCfg = Debug|Any CPU
		{FAB62C9A-7904-454D-9BD8-6B81D7D57181}.Debug|Any CPU.Build.0 = Debug|Any CPU
		{FAB62C9A-7904-454D-9BD8-6B81D7D57181}.Release|Any CPU.ActiveCfg = Release|Any CPU
		{FAB62C9A-7904-454D-9BD8-6B81D7D57181}.Release|Any CPU.Build.0 = Release|Any CPU
		{882A1457-3870-4231-8995-AD82B9189578}.Debug|Any CPU.ActiveCfg = Debug|Any CPU
		{882A1457-3870-4231-8995-AD82B9189578}.Debug|Any CPU.Build.0 = Debug|Any CPU
		{882A1457-3870-4231-8995-AD82B9189578}.Release|Any CPU.ActiveCfg = Release|Any CPU
		{882A1457-3870-4231-8995-AD82B9189578}.Release|Any CPU.Build.0 = Release|Any CPU
		{1869B965-7467-4C76-A70F-33FADFAE52A8}.Debug|Any CPU.ActiveCfg = Debug|Any CPU
		{1869B965-7467-4C76-A70F-33FADFAE52A8}.Debug|Any CPU.Build.0 = Debug|Any CPU
		{1869B965-7467-4C76-A70F-33FADFAE52A8}.Release|Any CPU.ActiveCfg = Release|Any CPU
		{1869B965-7467-4C76-A70F-33FADFAE52A8}.Release|Any CPU.Build.0 = Release|Any CPU
	EndGlobalSection
	GlobalSection(SolutionProperties) = preSolution
		HideSolutionNode = FALSE
	EndGlobalSection
	GlobalSection(NestedProjects) = preSolution
		{028F5DA8-6B59-4E5F-A419-12E3570AD12C} = {E9FB3683-4E82-48C5-B9FF-0C840A3DC339}
		{355DC66E-ADEB-4B96-AEF3-24556C55FBDE} = {028F5DA8-6B59-4E5F-A419-12E3570AD12C}
		{2A6667C7-46D1-4E7B-A6F9-DCA836873656} = {028F5DA8-6B59-4E5F-A419-12E3570AD12C}
		{33810B75-8308-481D-8A03-A623B97F2145} = {E9FB3683-4E82-48C5-B9FF-0C840A3DC339}
		{AFF27FFE-61E3-475A-92AA-720EE9AC9A88} = {33810B75-8308-481D-8A03-A623B97F2145}
		{E7D52584-999B-40D2-987E-D989A5E7D63D} = {AFF27FFE-61E3-475A-92AA-720EE9AC9A88}
		{1DC23B17-F8BC-4427-8E0D-9CF8B617863E} = {AFF27FFE-61E3-475A-92AA-720EE9AC9A88}
		{3532A867-88FB-4160-BD82-ADD48DCD1A9E} = {33810B75-8308-481D-8A03-A623B97F2145}
		{3385225B-C203-4FC3-B48C-2F72376CEADB} = {3532A867-88FB-4160-BD82-ADD48DCD1A9E}
		{FAB62C9A-7904-454D-9BD8-6B81D7D57181} = {3532A867-88FB-4160-BD82-ADD48DCD1A9E}
		{882A1457-3870-4231-8995-AD82B9189578} = {3532A867-88FB-4160-BD82-ADD48DCD1A9E}
		{1869B965-7467-4C76-A70F-33FADFAE52A8} = {3532A867-88FB-4160-BD82-ADD48DCD1A9E}
	EndGlobalSection
	GlobalSection(ExtensibilityGlobals) = postSolution
		SolutionGuid = {6D747D66-0BDD-42D9-8FD7-E0A5106591D7}
	EndGlobalSection
EndGlobal
